
Microsoft Visual Studio Solution File, Format Version 12.00
# Visual Studio Version 17
VisualStudioVersion = 17.4.33103.184
MinimumVisualStudioVersion = 10.0.40219.1
Project("{9A19103F-16F7-4668-BE54-9A1E7A4F7556}") = "Hunt_WPF", "Hunt_WPF\Hunt_WPF.csproj", "{B079596C-CED1-4D61-98E3-65AD6376BD96}"
EndProject
Project("{9A19103F-16F7-4668-BE54-9A1E7A4F7556}") = "Hunt_basic", "Hunt_basic\Hunt_basic.csproj", "{F3EF632E-0BF5-4392-885E-7813E49B926F}"
EndProject
Project("{9A19103F-16F7-4668-BE54-9A1E7A4F7556}") = "Hunt_Test", "Hunt_Test\Hunt_Test.csproj", "{8F517D5D-3A5C-42DE-85DC-9FF11302B1CD}"
EndProject
Global
	GlobalSection(SolutionConfigurationPlatforms) = preSolution
		Debug|Any CPU = Debug|Any CPU
		Release|Any CPU = Release|Any CPU
	EndGlobalSection
	GlobalSection(ProjectConfigurationPlatforms) = postSolution
		{B079596C-CED1-4D61-98E3-65AD6376BD96}.Debug|Any CPU.ActiveCfg = Debug|Any CPU
		{B079596C-CED1-4D61-98E3-65AD6376BD96}.Debug|Any CPU.Build.0 = Debug|Any CPU
		{B079596C-CED1-4D61-98E3-65AD6376BD96}.Release|Any CPU.ActiveCfg = Release|Any CPU
		{B079596C-CED1-4D61-98E3-65AD6376BD96}.Release|Any CPU.Build.0 = Release|Any CPU
		{F3EF632E-0BF5-4392-885E-7813E49B926F}.Debug|Any CPU.ActiveCfg = Debug|Any CPU
		{F3EF632E-0BF5-4392-885E-7813E49B926F}.Debug|Any CPU.Build.0 = Debug|Any CPU
		{F3EF632E-0BF5-4392-885E-7813E49B926F}.Release|Any CPU.ActiveCfg = Release|Any CPU
		{F3EF632E-0BF5-4392-885E-7813E49B926F}.Release|Any CPU.Build.0 = Release|Any CPU
		{8F517D5D-3A5C-42DE-85DC-9FF11302B1CD}.Debug|Any CPU.ActiveCfg = Debug|Any CPU
		{8F517D5D-3A5C-42DE-85DC-9FF11302B1CD}.Debug|Any CPU.Build.0 = Debug|Any CPU
		{8F517D5D-3A5C-42DE-85DC-9FF11302B1CD}.Release|Any CPU.ActiveCfg = Release|Any CPU
		{8F517D5D-3A5C-42DE-85DC-9FF11302B1CD}.Release|Any CPU.Build.0 = Release|Any CPU
	EndGlobalSection
	GlobalSection(SolutionProperties) = preSolution
		HideSolutionNode = FALSE
	EndGlobalSection
	GlobalSection(ExtensibilityGlobals) = postSolution
		SolutionGuid = {650FEB4D-E46E-4F25-9E14-B4F998C8906A}
	EndGlobalSection
EndGlobal
